
Microsoft Visual Studio Solution File, Format Version 12.00
# Visual Studio 15
VisualStudioVersion = 15.0.28307.102
MinimumVisualStudioVersion = 10.0.40219.1
Project("{FAE04EC0-301F-11D3-BF4B-00C04F79EFBC}") = "WorkFlowTwoConsoleApp", "WorkFlowTwoConsoleApp\WorkFlowTwoConsoleApp.csproj", "{96FAF9B2-325F-4AF3-9541-BF7EAF852F66}"
EndProject
Global
	GlobalSection(SolutionConfigurationPlatforms) = preSolution
		Debug|Any CPU = Debug|Any CPU
		Release|Any CPU = Release|Any CPU
	EndGlobalSection
	GlobalSection(ProjectConfigurationPlatforms) = postSolution
		{96FAF9B2-325F-4AF3-9541-BF7EAF852F66}.Debug|Any CPU.ActiveCfg = Debug|Any CPU
		{96FAF9B2-325F-4AF3-9541-BF7EAF852F66}.Debug|Any CPU.Build.0 = Debug|Any CPU
		{96FAF9B2-325F-4AF3-9541-BF7EAF852F66}.Release|Any CPU.ActiveCfg = Release|Any CPU
		{96FAF9B2-325F-4AF3-9541-BF7EAF852F66}.Release|Any CPU.Build.0 = Release|Any CPU
	EndGlobalSection
	GlobalSection(SolutionProperties) = preSolution
		HideSolutionNode = FALSE
	EndGlobalSection
	GlobalSection(ExtensibilityGlobals) = postSolution
		SolutionGuid = {19145BE6-EB67-49FE-BCBD-D11064666C0A}
	EndGlobalSection
EndGlobal
